
Microsoft Visual Studio Solution File, Format Version 12.00
# Visual Studio Version 16
VisualStudioVersion = 16.0.28917.182
MinimumVisualStudioVersion = 10.0.40219.1
Project("{778DAE3C-4631-46EA-AA77-85C1314464D9}") = "Gateway2mqtt.Extentions", "Gateway2mqtt.Extentions\Gateway2mqtt.Extentions.vbproj", "{21420533-0612-4C17-A762-4FC7CB83BCD4}"
EndProject
Project("{778DAE3C-4631-46EA-AA77-85C1314464D9}") = "RFLinkAdapter", "Adapters\RFLinkAdapter\RFLinkAdapter.vbproj", "{9BFCE62E-8EF3-42D5-8E64-8B36A458C966}"
EndProject
Project("{778DAE3C-4631-46EA-AA77-85C1314464D9}") = "HomeAssistantBinder", "Binders\HomeAssistantBinder\HomeAssistantBinder.vbproj", "{5E0AD19E-1612-4FB8-BBEE-A4FB9C0544DB}"
EndProject
Project("{778DAE3C-4631-46EA-AA77-85C1314464D9}") = "Gateway2mqtt", "Gateway2mqtt\Gateway2mqtt.vbproj", "{5DC6C21D-B69D-4064-9CAE-33BF8B0854E7}"
EndProject
Project("{778DAE3C-4631-46EA-AA77-85C1314464D9}") = "RFLinkAdapter.Test", "UnitTests\RFLinkAdapter.Test\RFLinkAdapter.Test.vbproj", "{CE371EC1-C9E3-47A7-AF83-C4104780F7EB}"
EndProject
Project("{778DAE3C-4631-46EA-AA77-85C1314464D9}") = "HomeAssistantBinder.Test", "UnitTests\HomeAssistantBinder.Test\HomeAssistantBinder.Test.vbproj", "{63C20F43-D884-4918-81E0-2C9CC35AA39A}"
EndProject
Project("{778DAE3C-4631-46EA-AA77-85C1314464D9}") = "Gateway2mqtt.Test", "UnitTests\Gateway2mqtt.Test\Gateway2mqtt.Test.vbproj", "{A2C4AF96-27E2-4E5C-B2C9-A18D2A4C3A75}"
EndProject
Project("{2150E333-8FDC-42A3-9474-1A3956D46DE8}") = "Tests", "Tests", "{C99CFC04-0A0A-4B9B-99F5-F4D2F7BAD2A0}"
EndProject
Global
	GlobalSection(SolutionConfigurationPlatforms) = preSolution
		Debug|Any CPU = Debug|Any CPU
		Release|Any CPU = Release|Any CPU
	EndGlobalSection
	GlobalSection(ProjectConfigurationPlatforms) = postSolution
		{21420533-0612-4C17-A762-4FC7CB83BCD4}.Debug|Any CPU.ActiveCfg = Debug|Any CPU
		{21420533-0612-4C17-A762-4FC7CB83BCD4}.Debug|Any CPU.Build.0 = Debug|Any CPU
		{21420533-0612-4C17-A762-4FC7CB83BCD4}.Release|Any CPU.ActiveCfg = Release|Any CPU
		{21420533-0612-4C17-A762-4FC7CB83BCD4}.Release|Any CPU.Build.0 = Release|Any CPU
		{9BFCE62E-8EF3-42D5-8E64-8B36A458C966}.Debug|Any CPU.ActiveCfg = Debug|Any CPU
		{9BFCE62E-8EF3-42D5-8E64-8B36A458C966}.Debug|Any CPU.Build.0 = Debug|Any CPU
		{9BFCE62E-8EF3-42D5-8E64-8B36A458C966}.Release|Any CPU.ActiveCfg = Release|Any CPU
		{9BFCE62E-8EF3-42D5-8E64-8B36A458C966}.Release|Any CPU.Build.0 = Release|Any CPU
		{5E0AD19E-1612-4FB8-BBEE-A4FB9C0544DB}.Debug|Any CPU.ActiveCfg = Debug|Any CPU
		{5E0AD19E-1612-4FB8-BBEE-A4FB9C0544DB}.Debug|Any CPU.Build.0 = Debug|Any CPU
		{5E0AD19E-1612-4FB8-BBEE-A4FB9C0544DB}.Release|Any CPU.ActiveCfg = Release|Any CPU
		{5E0AD19E-1612-4FB8-BBEE-A4FB9C0544DB}.Release|Any CPU.Build.0 = Release|Any CPU
		{5DC6C21D-B69D-4064-9CAE-33BF8B0854E7}.Debug|Any CPU.ActiveCfg = Debug|Any CPU
		{5DC6C21D-B69D-4064-9CAE-33BF8B0854E7}.Debug|Any CPU.Build.0 = Debug|Any CPU
		{5DC6C21D-B69D-4064-9CAE-33BF8B0854E7}.Release|Any CPU.ActiveCfg = Release|Any CPU
		{5DC6C21D-B69D-4064-9CAE-33BF8B0854E7}.Release|Any CPU.Build.0 = Release|Any CPU
		{CE371EC1-C9E3-47A7-AF83-C4104780F7EB}.Debug|Any CPU.ActiveCfg = Debug|Any CPU
		{CE371EC1-C9E3-47A7-AF83-C4104780F7EB}.Debug|Any CPU.Build.0 = Debug|Any CPU
		{CE371EC1-C9E3-47A7-AF83-C4104780F7EB}.Release|Any CPU.ActiveCfg = Release|Any CPU
		{CE371EC1-C9E3-47A7-AF83-C4104780F7EB}.Release|Any CPU.Build.0 = Release|Any CPU
		{63C20F43-D884-4918-81E0-2C9CC35AA39A}.Debug|Any CPU.ActiveCfg = Debug|Any CPU
		{63C20F43-D884-4918-81E0-2C9CC35AA39A}.Debug|Any CPU.Build.0 = Debug|Any CPU
		{63C20F43-D884-4918-81E0-2C9CC35AA39A}.Release|Any CPU.ActiveCfg = Release|Any CPU
		{63C20F43-D884-4918-81E0-2C9CC35AA39A}.Release|Any CPU.Build.0 = Release|Any CPU
		{A2C4AF96-27E2-4E5C-B2C9-A18D2A4C3A75}.Debug|Any CPU.ActiveCfg = Debug|Any CPU
		{A2C4AF96-27E2-4E5C-B2C9-A18D2A4C3A75}.Debug|Any CPU.Build.0 = Debug|Any CPU
		{A2C4AF96-27E2-4E5C-B2C9-A18D2A4C3A75}.Release|Any CPU.ActiveCfg = Release|Any CPU
		{A2C4AF96-27E2-4E5C-B2C9-A18D2A4C3A75}.Release|Any CPU.Build.0 = Release|Any CPU
	EndGlobalSection
	GlobalSection(SolutionProperties) = preSolution
		HideSolutionNode = FALSE
	EndGlobalSection
	GlobalSection(NestedProjects) = preSolution
		{CE371EC1-C9E3-47A7-AF83-C4104780F7EB} = {C99CFC04-0A0A-4B9B-99F5-F4D2F7BAD2A0}
		{63C20F43-D884-4918-81E0-2C9CC35AA39A} = {C99CFC04-0A0A-4B9B-99F5-F4D2F7BAD2A0}
		{A2C4AF96-27E2-4E5C-B2C9-A18D2A4C3A75} = {C99CFC04-0A0A-4B9B-99F5-F4D2F7BAD2A0}
	EndGlobalSection
	GlobalSection(ExtensibilityGlobals) = postSolution
		SolutionGuid = {81B76BD6-3FA5-4608-B0E3-EA47A81FF4B6}
	EndGlobalSection
EndGlobal
